
Microsoft Visual Studio Solution File, Format Version 12.00
# Visual Studio 15
VisualStudioVersion = 15.0.26730.15
MinimumVisualStudioVersion = 10.0.40219.1
Project("{FAE04EC0-301F-11D3-BF4B-00C04F79EFBC}") = "fifthhomework1", "fifthhomework1\fifthhomework1.csproj", "{5952BB83-86E1-4FA8-AEE6-EACC519B1C28}"
EndProject
Project("{FAE04EC0-301F-11D3-BF4B-00C04F79EFBC}") = "painttree", "painttree\painttree.csproj", "{D8D1B0F0-475B-4457-8AEE-A545A9CC4A59}"
EndProject
Global
	GlobalSection(SolutionConfigurationPlatforms) = preSolution
		Debug|Any CPU = Debug|Any CPU
		Release|Any CPU = Release|Any CPU
	EndGlobalSection
	GlobalSection(ProjectConfigurationPlatforms) = postSolution
		{5952BB83-86E1-4FA8-AEE6-EACC519B1C28}.Debug|Any CPU.ActiveCfg = Debug|Any CPU
		{5952BB83-86E1-4FA8-AEE6-EACC519B1C28}.Debug|Any CPU.Build.0 = Debug|Any CPU
		{5952BB83-86E1-4FA8-AEE6-EACC519B1C28}.Release|Any CPU.ActiveCfg = Release|Any CPU
		{5952BB83-86E1-4FA8-AEE6-EACC519B1C28}.Release|Any CPU.Build.0 = Release|Any CPU
		{D8D1B0F0-475B-4457-8AEE-A545A9CC4A59}.Debug|Any CPU.ActiveCfg = Debug|Any CPU
		{D8D1B0F0-475B-4457-8AEE-A545A9CC4A59}.Debug|Any CPU.Build.0 = Debug|Any CPU
		{D8D1B0F0-475B-4457-8AEE-A545A9CC4A59}.Release|Any CPU.ActiveCfg = Release|Any CPU
		{D8D1B0F0-475B-4457-8AEE-A545A9CC4A59}.Release|Any CPU.Build.0 = Release|Any CPU
	EndGlobalSection
	GlobalSection(SolutionProperties) = preSolution
		HideSolutionNode = FALSE
	EndGlobalSection
	GlobalSection(ExtensibilityGlobals) = postSolution
		SolutionGuid = {C7F82CB1-89E8-4A9E-8FCF-1DA5B4DF2EE8}
	EndGlobalSection
EndGlobal
